
Microsoft Visual Studio Solution File, Format Version 12.00
# Visual Studio Version 16
VisualStudioVersion = 25.0.1706.14
MinimumVisualStudioVersion = 10.0.40219.1
Project("{FAE04EC0-301F-11D3-BF4B-00C04F79EFBC}") = "WebAPI", "WebAPI\WebAPI.csproj", "{62899B61-4447-461B-A347-C232B151F9E1}"
EndProject
Global
	GlobalSection(SolutionConfigurationPlatforms) = preSolution
		Debug|Any CPU = Debug|Any CPU
		Release|Any CPU = Release|Any CPU
	EndGlobalSection
	GlobalSection(ProjectConfigurationPlatforms) = postSolution
		{62899B61-4447-461B-A347-C232B151F9E1}.Debug|Any CPU.ActiveCfg = Debug|Any CPU
		{62899B61-4447-461B-A347-C232B151F9E1}.Debug|Any CPU.Build.0 = Debug|Any CPU
		{62899B61-4447-461B-A347-C232B151F9E1}.Release|Any CPU.ActiveCfg = Release|Any CPU
		{62899B61-4447-461B-A347-C232B151F9E1}.Release|Any CPU.Build.0 = Release|Any CPU
	EndGlobalSection
	GlobalSection(SolutionProperties) = preSolution
		HideSolutionNode = FALSE
	EndGlobalSection
	GlobalSection(ExtensibilityGlobals) = postSolution
		SolutionGuid = {741FC12E-9588-4EC8-9FF6-5E4EFEF1B102}
	EndGlobalSection
EndGlobal
